
Microsoft Visual Studio Solution File, Format Version 12.00
# Visual Studio 15
VisualStudioVersion = 15.0.28307.421
MinimumVisualStudioVersion = 10.0.40219.1
Project("{FAE04EC0-301F-11D3-BF4B-00C04F79EFBC}") = "AppParcial.Android", "AppParcial\AppParcial.Android\AppParcial.Android.csproj", "{F25B0052-7626-4756-8945-2464E46DFF6D}"
EndProject
Project("{FAE04EC0-301F-11D3-BF4B-00C04F79EFBC}") = "AppParcial.iOS", "AppParcial\AppParcial.iOS\AppParcial.iOS.csproj", "{66D7D132-5FEE-40E9-9940-FCCF5CEDAC89}"
EndProject
Project("{FAE04EC0-301F-11D3-BF4B-00C04F79EFBC}") = "AppParcial", "AppParcial\AppParcial\AppParcial.csproj", "{DF688EFC-9DCA-4F05-8372-75D0C6ED89D5}"
EndProject
Global
	GlobalSection(SolutionConfigurationPlatforms) = preSolution
		Ad-Hoc|Any CPU = Ad-Hoc|Any CPU
		Ad-Hoc|iPhone = Ad-Hoc|iPhone
		Ad-Hoc|iPhoneSimulator = Ad-Hoc|iPhoneSimulator
		AppStore|Any CPU = AppStore|Any CPU
		AppStore|iPhone = AppStore|iPhone
		AppStore|iPhoneSimulator = AppStore|iPhoneSimulator
		Debug|Any CPU = Debug|Any CPU
		Debug|iPhone = Debug|iPhone
		Debug|iPhoneSimulator = Debug|iPhoneSimulator
		Release|Any CPU = Release|Any CPU
		Release|iPhone = Release|iPhone
		Release|iPhoneSimulator = Release|iPhoneSimulator
	EndGlobalSection
	GlobalSection(ProjectConfigurationPlatforms) = postSolution
		{F25B0052-7626-4756-8945-2464E46DFF6D}.Ad-Hoc|Any CPU.ActiveCfg = Release|Any CPU
		{F25B0052-7626-4756-8945-2464E46DFF6D}.Ad-Hoc|Any CPU.Build.0 = Release|Any CPU
		{F25B0052-7626-4756-8945-2464E46DFF6D}.Ad-Hoc|Any CPU.Deploy.0 = Release|Any CPU
		{F25B0052-7626-4756-8945-2464E46DFF6D}.Ad-Hoc|iPhone.ActiveCfg = Release|Any CPU
		{F25B0052-7626-4756-8945-2464E46DFF6D}.Ad-Hoc|iPhone.Build.0 = Release|Any CPU
		{F25B0052-7626-4756-8945-2464E46DFF6D}.Ad-Hoc|iPhone.Deploy.0 = Release|Any CPU
		{F25B0052-7626-4756-8945-2464E46DFF6D}.Ad-Hoc|iPhoneSimulator.ActiveCfg = Release|Any CPU
		{F25B0052-7626-4756-8945-2464E46DFF6D}.Ad-Hoc|iPhoneSimulator.Build.0 = Release|Any CPU
		{F25B0052-7626-4756-8945-2464E46DFF6D}.Ad-Hoc|iPhoneSimulator.Deploy.0 = Release|Any CPU
		{F25B0052-7626-4756-8945-2464E46DFF6D}.AppStore|Any CPU.ActiveCfg = Release|Any CPU
		{F25B0052-7626-4756-8945-2464E46DFF6D}.AppStore|Any CPU.Build.0 = Release|Any CPU
		{F25B0052-7626-4756-8945-2464E46DFF6D}.AppStore|Any CPU.Deploy.0 = Release|Any CPU
		{F25B0052-7626-4756-8945-2464E46DFF6D}.AppStore|iPhone.ActiveCfg = Release|Any CPU
		{F25B0052-7626-4756-8945-2464E46DFF6D}.AppStore|iPhone.Build.0 = Release|Any CPU
		{F25B0052-7626-4756-8945-2464E46DFF6D}.AppStore|iPhone.Deploy.0 = Release|Any CPU
		{F25B0052-7626-4756-8945-2464E46DFF6D}.AppStore|iPhoneSimulator.ActiveCfg = Release|Any CPU
		{F25B0052-7626-4756-8945-2464E46DFF6D}.AppStore|iPhoneSimulator.Build.0 = Release|Any CPU
		{F25B0052-7626-4756-8945-2464E46DFF6D}.AppStore|iPhoneSimulator.Deploy.0 = Release|Any CPU
		{F25B0052-7626-4756-8945-2464E46DFF6D}.Debug|Any CPU.ActiveCfg = Debug|Any CPU
		{F25B0052-7626-4756-8945-2464E46DFF6D}.Debug|Any CPU.Build.0 = Debug|Any CPU
		{F25B0052-7626-4756-8945-2464E46DFF6D}.Debug|Any CPU.Deploy.0 = Debug|Any CPU
		{F25B0052-7626-4756-8945-2464E46DFF6D}.Debug|iPhone.ActiveCfg = Debug|Any CPU
		{F25B0052-7626-4756-8945-2464E46DFF6D}.Debug|iPhone.Build.0 = Debug|Any CPU
		{F25B0052-7626-4756-8945-2464E46DFF6D}.Debug|iPhone.Deploy.0 = Debug|Any CPU
		{F25B0052-7626-4756-8945-2464E46DFF6D}.Debug|iPhoneSimulator.ActiveCfg = Debug|Any CPU
		{F25B0052-7626-4756-8945-2464E46DFF6D}.Debug|iPhoneSimulator.Build.0 = Debug|Any CPU
		{F25B0052-7626-4756-8945-2464E46DFF6D}.Debug|iPhoneSimulator.Deploy.0 = Debug|Any CPU
		{F25B0052-7626-4756-8945-2464E46DFF6D}.Release|Any CPU.ActiveCfg = Release|Any CPU
		{F25B0052-7626-4756-8945-2464E46DFF6D}.Release|Any CPU.Build.0 = Release|Any CPU
		{F25B0052-7626-4756-8945-2464E46DFF6D}.Release|Any CPU.Deploy.0 = Release|Any CPU
		{F25B0052-7626-4756-8945-2464E46DFF6D}.Release|iPhone.ActiveCfg = Release|Any CPU
		{F25B0052-7626-4756-8945-2464E46DFF6D}.Release|iPhone.Build.0 = Release|Any CPU
		{F25B0052-7626-4756-8945-2464E46DFF6D}.Release|iPhone.Deploy.0 = Release|Any CPU
		{F25B0052-7626-4756-8945-2464E46DFF6D}.Release|iPhoneSimulator.ActiveCfg = Release|Any CPU
		{F25B0052-7626-4756-8945-2464E46DFF6D}.Release|iPhoneSimulator.Build.0 = Release|Any CPU
		{F25B0052-7626-4756-8945-2464E46DFF6D}.Release|iPhoneSimulator.Deploy.0 = Release|Any CPU
		{66D7D132-5FEE-40E9-9940-FCCF5CEDAC89}.Ad-Hoc|Any CPU.ActiveCfg = Ad-Hoc|iPhone
		{66D7D132-5FEE-40E9-9940-FCCF5CEDAC89}.Ad-Hoc|Any CPU.Build.0 = Ad-Hoc|iPhone
		{66D7D132-5FEE-40E9-9940-FCCF5CEDAC89}.Ad-Hoc|Any CPU.Deploy.0 = Ad-Hoc|iPhone
		{66D7D132-5FEE-40E9-9940-FCCF5CEDAC89}.Ad-Hoc|iPhone.ActiveCfg = Ad-Hoc|iPhone
		{66D7D132-5FEE-40E9-9940-FCCF5CEDAC89}.Ad-Hoc|iPhone.Build.0 = Ad-Hoc|iPhone
		{66D7D132-5FEE-40E9-9940-FCCF5CEDAC89}.Ad-Hoc|iPhone.Deploy.0 = Ad-Hoc|iPhone
		{66D7D132-5FEE-40E9-9940-FCCF5CEDAC89}.Ad-Hoc|iPhoneSimulator.ActiveCfg = Ad-Hoc|iPhoneSimulator
		{66D7D132-5FEE-40E9-9940-FCCF5CEDAC89}.Ad-Hoc|iPhoneSimulator.Build.0 = Ad-Hoc|iPhoneSimulator
		{66D7D132-5FEE-40E9-9940-FCCF5CEDAC89}.Ad-Hoc|iPhoneSimulator.Deploy.0 = Ad-Hoc|iPhoneSimulator
		{66D7D132-5FEE-40E9-9940-FCCF5CEDAC89}.AppStore|Any CPU.ActiveCfg = AppStore|iPhone
		{66D7D132-5FEE-40E9-9940-FCCF5CEDAC89}.AppStore|Any CPU.Build.0 = AppStore|iPhone
		{66D7D132-5FEE-40E9-9940-FCCF5CEDAC89}.AppStore|Any CPU.Deploy.0 = AppStore|iPhone
		{66D7D132-5FEE-40E9-9940-FCCF5CEDAC89}.AppStore|iPhone.ActiveCfg = AppStore|iPhone
		{66D7D132-5FEE-40E9-9940-FCCF5CEDAC89}.AppStore|iPhone.Build.0 = AppStore|iPhone
		{66D7D132-5FEE-40E9-9940-FCCF5CEDAC89}.AppStore|iPhone.Deploy.0 = AppStore|iPhone
		{66D7D132-5FEE-40E9-9940-FCCF5CEDAC89}.AppStore|iPhoneSimulator.ActiveCfg = AppStore|iPhoneSimulator
		{66D7D132-5FEE-40E9-9940-FCCF5CEDAC89}.AppStore|iPhoneSimulator.Build.0 = AppStore|iPhoneSimulator
		{66D7D132-5FEE-40E9-9940-FCCF5CEDAC89}.AppStore|iPhoneSimulator.Deploy.0 = AppStore|iPhoneSimulator
		{66D7D132-5FEE-40E9-9940-FCCF5CEDAC89}.Debug|Any CPU.ActiveCfg = Debug|iPhoneSimulator
		{66D7D132-5FEE-40E9-9940-FCCF5CEDAC89}.Debug|Any CPU.Build.0 = Debug|iPhoneSimulator
		{66D7D132-5FEE-40E9-9940-FCCF5CEDAC89}.Debug|Any CPU.Deploy.0 = Debug|iPhoneSimulator
		{66D7D132-5FEE-40E9-9940-FCCF5CEDAC89}.Debug|iPhone.ActiveCfg = Debug|iPhone
		{66D7D132-5FEE-40E9-9940-FCCF5CEDAC89}.Debug|iPhone.Build.0 = Debug|iPhone
		{66D7D132-5FEE-40E9-9940-FCCF5CEDAC89}.Debug|iPhone.Deploy.0 = Debug|iPhone
		{66D7D132-5FEE-40E9-9940-FCCF5CEDAC89}.Debug|iPhoneSimulator.ActiveCfg = Debug|iPhoneSimulator
		{66D7D132-5FEE-40E9-9940-FCCF5CEDAC89}.Debug|iPhoneSimulator.Build.0 = Debug|iPhoneSimulator
		{66D7D132-5FEE-40E9-9940-FCCF5CEDAC89}.Debug|iPhoneSimulator.Deploy.0 = Debug|iPhoneSimulator
		{66D7D132-5FEE-40E9-9940-FCCF5CEDAC89}.Release|Any CPU.ActiveCfg = Release|iPhone
		{66D7D132-5FEE-40E9-9940-FCCF5CEDAC89}.Release|Any CPU.Build.0 = Release|iPhone
		{66D7D132-5FEE-40E9-9940-FCCF5CEDAC89}.Release|Any CPU.Deploy.0 = Release|iPhone
		{66D7D132-5FEE-40E9-9940-FCCF5CEDAC89}.Release|iPhone.ActiveCfg = Release|iPhone
		{66D7D132-5FEE-40E9-9940-FCCF5CEDAC89}.Release|iPhone.Build.0 = Release|iPhone
		{66D7D132-5FEE-40E9-9940-FCCF5CEDAC89}.Release|iPhone.Deploy.0 = Release|iPhone
		{66D7D132-5FEE-40E9-9940-FCCF5CEDAC89}.Release|iPhoneSimulator.ActiveCfg = Release|iPhoneSimulator
		{66D7D132-5FEE-40E9-9940-FCCF5CEDAC89}.Release|iPhoneSimulator.Build.0 = Release|iPhoneSimulator
		{66D7D132-5FEE-40E9-9940-FCCF5CEDAC89}.Release|iPhoneSimulator.Deploy.0 = Release|iPhoneSimulator
		{DF688EFC-9DCA-4F05-8372-75D0C6ED89D5}.Ad-Hoc|Any CPU.ActiveCfg = Debug|Any CPU
		{DF688EFC-9DCA-4F05-8372-75D0C6ED89D5}.Ad-Hoc|Any CPU.Build.0 = Debug|Any CPU
		{DF688EFC-9DCA-4F05-8372-75D0C6ED89D5}.Ad-Hoc|Any CPU.Deploy.0 = Debug|Any CPU
		{DF688EFC-9DCA-4F05-8372-75D0C6ED89D5}.Ad-Hoc|iPhone.ActiveCfg = Debug|Any CPU
		{DF688EFC-9DCA-4F05-8372-75D0C6ED89D5}.Ad-Hoc|iPhone.Build.0 = Debug|Any CPU
		{DF688EFC-9DCA-4F05-8372-75D0C6ED89D5}.Ad-Hoc|iPhone.Deploy.0 = Debug|Any CPU
		{DF688EFC-9DCA-4F05-8372-75D0C6ED89D5}.Ad-Hoc|iPhoneSimulator.ActiveCfg = Debug|Any CPU
		{DF688EFC-9DCA-4F05-8372-75D0C6ED89D5}.Ad-Hoc|iPhoneSimulator.Build.0 = Debug|Any CPU
		{DF688EFC-9DCA-4F05-8372-75D0C6ED89D5}.Ad-Hoc|iPhoneSimulator.Deploy.0 = Debug|Any CPU
		{DF688EFC-9DCA-4F05-8372-75D0C6ED89D5}.AppStore|Any CPU.ActiveCfg = Debug|Any CPU
		{DF688EFC-9DCA-4F05-8372-75D0C6ED89D5}.AppStore|Any CPU.Build.0 = Debug|Any CPU
		{DF688EFC-9DCA-4F05-8372-75D0C6ED89D5}.AppStore|Any CPU.Deploy.0 = Debug|Any CPU
		{DF688EFC-9DCA-4F05-8372-75D0C6ED89D5}.AppStore|iPhone.ActiveCfg = Debug|Any CPU
		{DF688EFC-9DCA-4F05-8372-75D0C6ED89D5}.AppStore|iPhone.Build.0 = Debug|Any CPU
		{DF688EFC-9DCA-4F05-8372-75D0C6ED89D5}.AppStore|iPhone.Deploy.0 = Debug|Any CPU
		{DF688EFC-9DCA-4F05-8372-75D0C6ED89D5}.AppStore|iPhoneSimulator.ActiveCfg = Debug|Any CPU
		{DF688EFC-9DCA-4F05-8372-75D0C6ED89D5}.AppStore|iPhoneSimulator.Build.0 = Debug|Any CPU
		{DF688EFC-9DCA-4F05-8372-75D0C6ED89D5}.AppStore|iPhoneSimulator.Deploy.0 = Debug|Any CPU
		{DF688EFC-9DCA-4F05-8372-75D0C6ED89D5}.Debug|Any CPU.ActiveCfg = Debug|Any CPU
		{DF688EFC-9DCA-4F05-8372-75D0C6ED89D5}.Debug|Any CPU.Build.0 = Debug|Any CPU
		{DF688EFC-9DCA-4F05-8372-75D0C6ED89D5}.Debug|Any CPU.Deploy.0 = Debug|Any CPU
		{DF688EFC-9DCA-4F05-8372-75D0C6ED89D5}.Debug|iPhone.ActiveCfg = Debug|Any CPU
		{DF688EFC-9DCA-4F05-8372-75D0C6ED89D5}.Debug|iPhone.Build.0 = Debug|Any CPU
		{DF688EFC-9DCA-4F05-8372-75D0C6ED89D5}.Debug|iPhone.Deploy.0 = Debug|Any CPU
		{DF688EFC-9DCA-4F05-8372-75D0C6ED89D5}.Debug|iPhoneSimulator.ActiveCfg = Debug|Any CPU
		{DF688EFC-9DCA-4F05-8372-75D0C6ED89D5}.Debug|iPhoneSimulator.Build.0 = Debug|Any CPU
		{DF688EFC-9DCA-4F05-8372-75D0C6ED89D5}.Debug|iPhoneSimulator.Deploy.0 = Debug|Any CPU
		{DF688EFC-9DCA-4F05-8372-75D0C6ED89D5}.Release|Any CPU.ActiveCfg = Release|Any CPU
		{DF688EFC-9DCA-4F05-8372-75D0C6ED89D5}.Release|Any CPU.Build.0 = Release|Any CPU
		{DF688EFC-9DCA-4F05-8372-75D0C6ED89D5}.Release|Any CPU.Deploy.0 = Release|Any CPU
		{DF688EFC-9DCA-4F05-8372-75D0C6ED89D5}.Release|iPhone.ActiveCfg = Release|Any CPU
		{DF688EFC-9DCA-4F05-8372-75D0C6ED89D5}.Release|iPhone.Build.0 = Release|Any CPU
		{DF688EFC-9DCA-4F05-8372-75D0C6ED89D5}.Release|iPhone.Deploy.0 = Release|Any CPU
		{DF688EFC-9DCA-4F05-8372-75D0C6ED89D5}.Release|iPhoneSimulator.ActiveCfg = Release|Any CPU
		{DF688EFC-9DCA-4F05-8372-75D0C6ED89D5}.Release|iPhoneSimulator.Build.0 = Release|Any CPU
		{DF688EFC-9DCA-4F05-8372-75D0C6ED89D5}.Release|iPhoneSimulator.Deploy.0 = Release|Any CPU
	EndGlobalSection
	GlobalSection(SolutionProperties) = preSolution
		HideSolutionNode = FALSE
	EndGlobalSection
	GlobalSection(ExtensibilityGlobals) = postSolution
		SolutionGuid = {49797A6F-3FE7-48FF-9F28-85F72D7D8A02}
	EndGlobalSection
EndGlobal
